
Microsoft Visual Studio Solution File, Format Version 12.00
# Visual Studio Version 16
VisualStudioVersion = 16.0.30907.101
MinimumVisualStudioVersion = 10.0.40219.1
Project("{FAE04EC0-301F-11D3-BF4B-00C04F79EFBC}") = "ASP.NET.CORE.MVC", "ASP.NET.CORE.MVC.csproj", "{DAFE6300-A033-4F2B-8D08-EF1923649C5D}"
EndProject
Global
	GlobalSection(SolutionConfigurationPlatforms) = preSolution
		Debug|Any CPU = Debug|Any CPU
		Release|Any CPU = Release|Any CPU
	EndGlobalSection
	GlobalSection(ProjectConfigurationPlatforms) = postSolution
		{DAFE6300-A033-4F2B-8D08-EF1923649C5D}.Debug|Any CPU.ActiveCfg = Debug|Any CPU
		{DAFE6300-A033-4F2B-8D08-EF1923649C5D}.Debug|Any CPU.Build.0 = Debug|Any CPU
		{DAFE6300-A033-4F2B-8D08-EF1923649C5D}.Release|Any CPU.ActiveCfg = Release|Any CPU
		{DAFE6300-A033-4F2B-8D08-EF1923649C5D}.Release|Any CPU.Build.0 = Release|Any CPU
	EndGlobalSection
	GlobalSection(SolutionProperties) = preSolution
		HideSolutionNode = FALSE
	EndGlobalSection
	GlobalSection(ExtensibilityGlobals) = postSolution
		SolutionGuid = {1E8753C5-C8D8-4A0C-AF1E-7707EDB11ECE}
	EndGlobalSection
EndGlobal
